
Microsoft Visual Studio Solution File, Format Version 12.00
# Visual Studio Version 17
VisualStudioVersion = 17.4.33213.308
MinimumVisualStudioVersion = 10.0.40219.1
Project("{FAE04EC0-301F-11D3-BF4B-00C04F79EFBC}") = "EvidencePojisteni", "EvidencePojisteni\EvidencePojisteni.csproj", "{13E74A3F-F424-4C2F-AB8A-EB355B2790DF}"
EndProject
Global
	GlobalSection(SolutionConfigurationPlatforms) = preSolution
		Debug|Any CPU = Debug|Any CPU
		Release|Any CPU = Release|Any CPU
	EndGlobalSection
	GlobalSection(ProjectConfigurationPlatforms) = postSolution
		{13E74A3F-F424-4C2F-AB8A-EB355B2790DF}.Debug|Any CPU.ActiveCfg = Debug|Any CPU
		{13E74A3F-F424-4C2F-AB8A-EB355B2790DF}.Debug|Any CPU.Build.0 = Debug|Any CPU
		{13E74A3F-F424-4C2F-AB8A-EB355B2790DF}.Release|Any CPU.ActiveCfg = Release|Any CPU
		{13E74A3F-F424-4C2F-AB8A-EB355B2790DF}.Release|Any CPU.Build.0 = Release|Any CPU
	EndGlobalSection
	GlobalSection(SolutionProperties) = preSolution
		HideSolutionNode = FALSE
	EndGlobalSection
	GlobalSection(ExtensibilityGlobals) = postSolution
		SolutionGuid = {5255B238-AE75-4E91-877F-251334320E59}
	EndGlobalSection
EndGlobal
